{
    "name": "team-projects-and-professionalism",
    "lockfileVersion": 2,
    "requires": true,
    "packages": {
        "": {
            "dependencies": {
                "react": "^18.0.0",
                "react-chartjs-2": "^4.0.1",
                "react-to-print": "^2.14.5"
            }
        },
        "node_modules/chart.js": {
            "version": "3.7.1",
            "resolved": "https://registry.npmjs.org/chart.js/-/chart.js-3.7.1.tgz",
            "integrity": "sha512-8knRegQLFnPQAheZV8MjxIXc5gQEfDFD897BJgv/klO/vtIyFFmgMXrNfgrXpbTr/XbTturxRgxIXx/Y+ASJBA==",
            "peer": true
        },
        "node_modules/js-tokens": {
            "version": "4.0.0",
            "resolved": "https://registry.npmjs.org/js-tokens/-/js-tokens-4.0.0.tgz",
            "integrity": "sha512-RdJUflcE3cUzKiMqQgsCu06FPu9UdIJO0beYbPhHN4k6apgJtifcoCtT9bcxOpYBtpD2kCM6Sbzg4CausW/PKQ=="
        },
        "node_modules/loose-envify": {
            "version": "1.4.0",
            "resolved": "https://registry.npmjs.org/loose-envify/-/loose-envify-1.4.0.tgz",
            "integrity": "sha512-lyuxPGr/Wfhrlem2CL/UcnUc1zcqKAImBDzukY7Y5F/yQiNdko6+fRLevlw1HgMySw7f611UIY408EtxRSoK3Q==",
            "dependencies": {
                "js-tokens": "^3.0.0 || ^4.0.0"
            },
            "bin": {
                "loose-envify": "cli.js"
            }
        },
        "node_modules/object-assign": {
            "version": "4.1.1",
            "resolved": "https://registry.npmjs.org/object-assign/-/object-assign-4.1.1.tgz",
            "integrity": "sha1-IQmtx5ZYh8/AXLvUQsrIv7s2CGM=",
            "engines": {
                "node": ">=0.10.0"
            }
        },
        "node_modules/prop-types": {
            "version": "15.8.1",
            "resolved": "https://registry.npmjs.org/prop-types/-/prop-types-15.8.1.tgz",
            "integrity": "sha512-oj87CgZICdulUohogVAR7AjlC0327U4el4L6eAvOqCeudMDVU0NThNaV+b9Df4dXgSP1gXMTnPdhfe/2qDH5cg==",
            "dependencies": {
                "loose-envify": "^1.4.0",
                "object-assign": "^4.1.1",
                "react-is": "^16.13.1"
            }
        },
        "node_modules/react": {
            "version": "18.0.0",
            "resolved": "https://registry.npmjs.org/react/-/react-18.0.0.tgz",
            "integrity": "sha512-x+VL6wbT4JRVPm7EGxXhZ8w8LTROaxPXOqhlGyVSrv0sB1jkyFGgXxJ8LVoPRLvPR6/CIZGFmfzqUa2NYeMr2A==",
            "dependencies": {
                "loose-envify": "^1.1.0"
            },
            "engines": {
                "node": ">=0.10.0"
            }
        },
        "node_modules/react-chartjs-2": {
            "version": "4.0.1",
            "resolved": "https://registry.npmjs.org/react-chartjs-2/-/react-chartjs-2-4.0.1.tgz",
            "integrity": "sha512-q8bgWzKoFvBvD7YcjT/hXG8jt55TaMAuJ1dmI3tKFJ7CijUWYz4pIfOhkTI6PBTwqu/pmeWsClBRd/7HiWzN1g==",
            "peerDependencies": {
                "chart.js": "^3.5.0",
                "react": "^16.8.0 || ^17.0.0"
            }
        },
        "node_modules/react-dom": {
            "version": "18.0.0",
            "resolved": "https://registry.npmjs.org/react-dom/-/react-dom-18.0.0.tgz",
            "integrity": "sha512-XqX7uzmFo0pUceWFCt7Gff6IyIMzFUn7QMZrbrQfGxtaxXZIcGQzoNpRLE3fQLnS4XzLLPMZX2T9TRcSrasicw==",
            "peer": true,
            "dependencies": {
                "loose-envify": "^1.1.0",
                "scheduler": "^0.21.0"
            },
            "peerDependencies": {
                "react": "^18.0.0"
            }
        },
        "node_modules/react-is": {
            "version": "16.13.1",
            "resolved": "https://registry.npmjs.org/react-is/-/react-is-16.13.1.tgz",
            "integrity": "sha512-24e6ynE2H+OKt4kqsOvNd8kBpV65zoxbA4BVsEOB3ARVWQki/DHzaUoC5KuON/BiccDaCCTZBuOcfZs70kR8bQ=="
        },
        "node_modules/react-to-print": {
            "version": "2.14.6",
            "resolved": "https://registry.npmjs.org/react-to-print/-/react-to-print-2.14.6.tgz",
            "integrity": "sha512-LlhbfNAzPm6AOGmCcsVzgyDIBFs5lTXOMpRL+IUmZRZU04i79rujEj5nXKmbRTPTZV8ezLIHSY6ecj4y0lD5iA==",
            "dependencies": {
                "prop-types": "^15.8.1"
            },
            "peerDependencies": {
                "react": "^15.0.0 || ^16.0.0 || ^17.0.0 || ^18.0.0",
                "react-dom": "^15.0.0 || ^16.0.0 || ^17.0.0 || ^18.0.0"
            }
        },
        "node_modules/scheduler": {
            "version": "0.21.0",
            "resolved": "https://registry.npmjs.org/scheduler/-/scheduler-0.21.0.tgz",
            "integrity": "sha512-1r87x5fz9MXqswA2ERLo0EbOAU74DpIUO090gIasYTqlVoJeMcl+Z1Rg7WHz+qtPujhS/hGIt9kxZOYBV3faRQ==",
            "peer": true,
            "dependencies": {
                "loose-envify": "^1.1.0"
            }
        }
    },
    "dependencies": {
        "chart.js": {
            "version": "3.7.1",
            "resolved": "https://registry.npmjs.org/chart.js/-/chart.js-3.7.1.tgz",
            "integrity": "sha512-8knRegQLFnPQAheZV8MjxIXc5gQEfDFD897BJgv/klO/vtIyFFmgMXrNfgrXpbTr/XbTturxRgxIXx/Y+ASJBA==",
            "peer": true
        },
        "js-tokens": {
            "version": "4.0.0",
            "resolved": "https://registry.npmjs.org/js-tokens/-/js-tokens-4.0.0.tgz",
            "integrity": "sha512-RdJUflcE3cUzKiMqQgsCu06FPu9UdIJO0beYbPhHN4k6apgJtifcoCtT9bcxOpYBtpD2kCM6Sbzg4CausW/PKQ=="
        },
        "loose-envify": {
            "version": "1.4.0",
            "resolved": "https://registry.npmjs.org/loose-envify/-/loose-envify-1.4.0.tgz",
            "integrity": "sha512-lyuxPGr/Wfhrlem2CL/UcnUc1zcqKAImBDzukY7Y5F/yQiNdko6+fRLevlw1HgMySw7f611UIY408EtxRSoK3Q==",
            "requires": {
                "js-tokens": "^3.0.0 || ^4.0.0"
            }
        },
        "object-assign": {
            "version": "4.1.1",
            "resolved": "https://registry.npmjs.org/object-assign/-/object-assign-4.1.1.tgz",
            "integrity": "sha1-IQmtx5ZYh8/AXLvUQsrIv7s2CGM="
        },
        "prop-types": {
            "version": "15.8.1",
            "resolved": "https://registry.npmjs.org/prop-types/-/prop-types-15.8.1.tgz",
            "integrity": "sha512-oj87CgZICdulUohogVAR7AjlC0327U4el4L6eAvOqCeudMDVU0NThNaV+b9Df4dXgSP1gXMTnPdhfe/2qDH5cg==",
            "requires": {
                "loose-envify": "^1.4.0",
                "object-assign": "^4.1.1",
                "react-is": "^16.13.1"
            }
        },
        "react": {
            "version": "18.0.0",
            "resolved": "https://registry.npmjs.org/react/-/react-18.0.0.tgz",
            "integrity": "sha512-x+VL6wbT4JRVPm7EGxXhZ8w8LTROaxPXOqhlGyVSrv0sB1jkyFGgXxJ8LVoPRLvPR6/CIZGFmfzqUa2NYeMr2A==",
            "requires": {
                "loose-envify": "^1.1.0"
            }
        },
        "react-chartjs-2": {
            "version": "4.0.1",
            "resolved": "https://registry.npmjs.org/react-chartjs-2/-/react-chartjs-2-4.0.1.tgz",
            "integrity": "sha512-q8bgWzKoFvBvD7YcjT/hXG8jt55TaMAuJ1dmI3tKFJ7CijUWYz4pIfOhkTI6PBTwqu/pmeWsClBRd/7HiWzN1g==",
            "requires": {}
        },
        "react-dom": {
            "version": "18.0.0",
            "resolved": "https://registry.npmjs.org/react-dom/-/react-dom-18.0.0.tgz",
            "integrity": "sha512-XqX7uzmFo0pUceWFCt7Gff6IyIMzFUn7QMZrbrQfGxtaxXZIcGQzoNpRLE3fQLnS4XzLLPMZX2T9TRcSrasicw==",
            "peer": true,
            "requires": {
                "loose-envify": "^1.1.0",
                "scheduler": "^0.21.0"
            }
        },
        "react-is": {
            "version": "16.13.1",
            "resolved": "https://registry.npmjs.org/react-is/-/react-is-16.13.1.tgz",
            "integrity": "sha512-24e6ynE2H+OKt4kqsOvNd8kBpV65zoxbA4BVsEOB3ARVWQki/DHzaUoC5KuON/BiccDaCCTZBuOcfZs70kR8bQ=="
        },
        "react-to-print": {
            "version": "2.14.6",
            "resolved": "https://registry.npmjs.org/react-to-print/-/react-to-print-2.14.6.tgz",
            "integrity": "sha512-LlhbfNAzPm6AOGmCcsVzgyDIBFs5lTXOMpRL+IUmZRZU04i79rujEj5nXKmbRTPTZV8ezLIHSY6ecj4y0lD5iA==",
            "requires": {
                "prop-types": "^15.8.1"
            }
        },
        "scheduler": {
            "version": "0.21.0",
            "resolved": "https://registry.npmjs.org/scheduler/-/scheduler-0.21.0.tgz",
            "integrity": "sha512-1r87x5fz9MXqswA2ERLo0EbOAU74DpIUO090gIasYTqlVoJeMcl+Z1Rg7WHz+qtPujhS/hGIt9kxZOYBV3faRQ==",
            "peer": true,
            "requires": {
                "loose-envify": "^1.1.0"
            }
        }
    }
}
